
Microsoft Visual Studio Solution File, Format Version 12.00
# Visual Studio 14
VisualStudioVersion = 14.0.25420.1
MinimumVisualStudioVersion = 10.0.40219.1
Project("{FAE04EC0-301F-11D3-BF4B-00C04F79EFBC}") = "github-to-azure-test", "github-to-azure-test\github-to-azure-test.csproj", "{F24ED382-DCC1-426D-AAE7-5BDCBF961C89}"
EndProject
Project("{FAE04EC0-301F-11D3-BF4B-00C04F79EFBC}") = "github-to-azure-test.Tests", "github-to-azure-test.Tests\github-to-azure-test.Tests.csproj", "{7C1ED16C-7CE3-432C-9A1C-8F0487A9E5E2}"
EndProject
Global
	GlobalSection(SolutionConfigurationPlatforms) = preSolution
		Debug|Any CPU = Debug|Any CPU
		Release|Any CPU = Release|Any CPU
	EndGlobalSection
	GlobalSection(ProjectConfigurationPlatforms) = postSolution
		{F24ED382-DCC1-426D-AAE7-5BDCBF961C89}.Debug|Any CPU.ActiveCfg = Debug|Any CPU
		{F24ED382-DCC1-426D-AAE7-5BDCBF961C89}.Debug|Any CPU.Build.0 = Debug|Any CPU
		{F24ED382-DCC1-426D-AAE7-5BDCBF961C89}.Release|Any CPU.ActiveCfg = Release|Any CPU
		{F24ED382-DCC1-426D-AAE7-5BDCBF961C89}.Release|Any CPU.Build.0 = Release|Any CPU
		{7C1ED16C-7CE3-432C-9A1C-8F0487A9E5E2}.Debug|Any CPU.ActiveCfg = Debug|Any CPU
		{7C1ED16C-7CE3-432C-9A1C-8F0487A9E5E2}.Debug|Any CPU.Build.0 = Debug|Any CPU
		{7C1ED16C-7CE3-432C-9A1C-8F0487A9E5E2}.Release|Any CPU.ActiveCfg = Release|Any CPU
		{7C1ED16C-7CE3-432C-9A1C-8F0487A9E5E2}.Release|Any CPU.Build.0 = Release|Any CPU
	EndGlobalSection
	GlobalSection(SolutionProperties) = preSolution
		HideSolutionNode = FALSE
	EndGlobalSection
EndGlobal
